Microsoft Visual Studio Solution File, Format Version 12.00
# Visual Studio 2012
Project("{FAE04EC0-301F-11D3-BF4B-00C04F79EFBC}") = "ManyToManySampe", "ManyToManySampe\ManyToManySampe.csproj", "{6FE0654E-BBE1-4A2E-BE3B-B3ABFABB76E5}"
EndProject
Global
	GlobalSection(SolutionConfigurationPlatforms) = preSolution
		Debug|Any CPU = Debug|Any CPU
		Release|Any CPU = Release|Any CPU
	EndGlobalSection
	GlobalSection(ProjectConfigurationPlatforms) = postSolution
		{6FE0654E-BBE1-4A2E-BE3B-B3ABFABB76E5}.Debug|Any CPU.ActiveCfg = Debug|Any CPU
		{6FE0654E-BBE1-4A2E-BE3B-B3ABFABB76E5}.Debug|Any CPU.Build.0 = Debug|Any CPU
		{6FE0654E-BBE1-4A2E-BE3B-B3ABFABB76E5}.Release|Any CPU.ActiveCfg = Release|Any CPU
		{6FE0654E-BBE1-4A2E-BE3B-B3ABFABB76E5}.Release|Any CPU.Build.0 = Release|Any CPU
	EndGlobalSection
	GlobalSection(SolutionProperties) = preSolution
		HideSolutionNode = FALSE
	EndGlobalSection
EndGlobal
